<?xml version="1.0" encoding="utf-8"?>
<Project ToolsVersion="4.0" xmlns="http://schemas.microsoft.com/developer/msbuild/2003">
  <ItemGroup>
    <ClInclude Include="..\src\geometry\Edge.h">
      <Filter>src\geometry</Filter>
    </ClInclude>
    <ClInclude Include="..\src\geometry\Geometry.h">
      <Filter>src\geometry</Filter>
    </ClInclude>
    <ClInclude Include="..\src\utils\Color.h">
      <Filter>src\utils</Filter>
    </ClInclude>
    <ClInclude Include="..\src\utils\Command.h">
      <Filter>src\utils</Filter>
    </ClInclude>
    <ClInclude Include="..\src\utils\ContainerManager.h">
      <Filter>src\utils</Filter>
    </ClInclude>
    <ClInclude Include="..\src\utils\Debug.h">
      <Filter>src\utils</Filter>
    </ClInclude>
    <ClInclude Include="..\src\external\draudio\dr_flac.h">
      <Filter>src\external\draudio</Filter>
    </ClInclude>
    <ClInclude Include="..\src\external\draudio\dr_mp3.h">
      <Filter>src\external\draudio</Filter>
    </ClInclude>
    <ClInclude Include="..\src\external\draudio\dr_wav.h">
      <Filter>src\external\draudio</Filter>
    </ClInclude>
    <ClInclude Include="..\src\external\imgui\imstb_truetype.h">
      <Filter>src\external\imgui</Filter>
    </ClInclude>
    <ClInclude Include="..\src\external\imgui\imstb_textedit.h">
      <Filter>src\external\imgui</Filter>
    </ClInclude>
    <ClInclude Include="..\src\external\imgui\imstb_rectpack.h">
      <Filter>src\external\imgui</Filter>
    </ClInclude>
    <ClInclude Include="..\src\external\imgui\imgui_internal.h">
      <Filter>src\external\imgui</Filter>
    </ClInclude>
    <ClInclude Include="..\src\external\imgui\imgui_impl_vulkan.h">
      <Filter>src\external\imgui</Filter>
    </ClInclude>
    <ClInclude Include="..\src\external\imgui\imgui_impl_glfw.h">
      <Filter>src\external\imgui</Filter>
    </ClInclude>
    <ClInclude Include="..\src\external\imgui\imgui.h">
      <Filter>src\external\imgui</Filter>
    </ClInclude>
    <ClInclude Include="..\src\external\imgui\imconfig.h">
      <Filter>src\external\imgui</Filter>
    </ClInclude>
    <ClInclude Include="..\src\external\tinyobjloader\tiny_obj_loader.h">
      <Filter>src\external\tinyobjloader</Filter>
    </ClInclude>
    <ClInclude Include="..\src\external\saschawillems\VulkanInitializers.hpp">
      <Filter>src\external\saschawillems</Filter>
    </ClInclude>
    <ClInclude Include="..\src\core\input.h">
      <Filter>src\core</Filter>
    </ClInclude>
    <ClInclude Include="..\src\core\renderer.h">
      <Filter>src\core</Filter>
    </ClInclude>
    <ClInclude Include="..\src\core\time.h">
      <Filter>src\core</Filter>
    </ClInclude>
    <ClInclude Include="..\src\core\window.h">
      <Filter>src\core</Filter>
    </ClInclude>
    <ClInclude Include="..\src\core\assets.h">
      <Filter>src\core</Filter>
    </ClInclude>
    <ClInclude Include="..\src\core\imgui.h">
      <Filter>src\core</Filter>
    </ClInclude>
    <ClInclude Include="..\src\core\console.h">
      <Filter>src\core</Filter>
    </ClInclude>
    <ClInclude Include="..\src\game\components\AudioListener.h">
      <Filter>src\game\components\h</Filter>
    </ClInclude>
    <ClInclude Include="..\src\game\components\AudioSource.h">
      <Filter>src\game\components\h</Filter>
    </ClInclude>
    <ClInclude Include="..\src\game\components\Camera.h">
      <Filter>src\game\components\h</Filter>
    </ClInclude>
    <ClInclude Include="..\src\game\components\Collider.h">
      <Filter>src\game\components\h</Filter>
    </ClInclude>
    <ClInclude Include="..\src\game\components\Component.h">
      <Filter>src\game\components\h</Filter>
    </ClInclude>
    <ClInclude Include="..\src\game\components\Light.h">
      <Filter>src\game\components\h</Filter>
    </ClInclude>
    <ClInclude Include="..\src\game\components\Physics.h">
      <Filter>src\game\components\h</Filter>
    </ClInclude>
    <ClInclude Include="..\src\game\systems\PhysicsSystem.h">
      <Filter>src\game\systems\h</Filter>
    </ClInclude>
    <ClInclude Include="..\src\game\systems\SoundSystem.h">
      <Filter>src\game\systems\h</Filter>
    </ClInclude>
    <ClInclude Include="..\src\game\Keybinds.h">
      <Filter>src\game</Filter>
    </ClInclude>
    <ClInclude Include="..\src\scene\Armature.h">
      <Filter>src\scene</Filter>
    </ClInclude>
    <ClInclude Include="..\src\scene\Bone.h">
      <Filter>src\scene</Filter>
    </ClInclude>
    <ClInclude Include="..\src\scene\Model.h">
      <Filter>src\scene</Filter>
    </ClInclude>
    <ClInclude Include="..\src\scene\Scene.h">
      <Filter>src\scene</Filter>
    </ClInclude>
    <ClInclude Include="..\src\game\components\MeshComp.h">
      <Filter>src\game\components\h</Filter>
    </ClInclude>
    <ClInclude Include="..\src\utils\optional.h">
      <Filter>src\utils</Filter>
    </ClInclude>
    <ClInclude Include="..\src\game\components\Orb.h">
      <Filter>src\game\components\h</Filter>
    </ClInclude>
    <ClInclude Include="..\src\math\Quaternion.h">
      <Filter>src\math</Filter>
    </ClInclude>
    <ClInclude Include="..\src\math\Vector.h">
      <Filter>src\math</Filter>
    </ClInclude>
    <ClInclude Include="..\src\math\VectorMatrix.h">
      <Filter>src\math</Filter>
    </ClInclude>
    <ClInclude Include="..\src\math\InertiaTensors.h">
      <Filter>src\math</Filter>
    </ClInclude>
    <ClInclude Include="..\src\math\Math.h">
      <Filter>src\math</Filter>
    </ClInclude>
    <ClInclude Include="..\src\math\Matrix.h">
      <Filter>src\math</Filter>
    </ClInclude>
    <ClInclude Include="..\src\math\MatrixN.h">
      <Filter>src\math</Filter>
    </ClInclude>
    <ClInclude Include="..\src\game\Transform.h">
      <Filter>src\game</Filter>
    </ClInclude>
    <ClInclude Include="..\src\game\UndoManager.h">
      <Filter>src\game</Filter>
    </ClInclude>
    <ClInclude Include="..\src\game\systems\CanvasSystem.h">
      <Filter>src\game\systems\h</Filter>
    </ClInclude>
    <ClInclude Include="..\src\game\Controller.h">
      <Filter>src\game</Filter>
    </ClInclude>
    <ClInclude Include="..\src\game\components\Movement.h">
      <Filter>src\game\components\h</Filter>
    </ClInclude>
    <ClInclude Include="..\src\game\components\Player.h">
      <Filter>src\game\components\h</Filter>
    </ClInclude>
    <ClInclude Include="..\src\game\components\door.h">
      <Filter>src\game\components\h</Filter>
    </ClInclude>
    <ClInclude Include="..\src\game\entities\PlayerEntity.h">
      <Filter>src\game\entities\h</Filter>
    </ClInclude>
    <ClInclude Include="..\src\game\entities\Entity.h">
      <Filter>src\game\entities\h</Filter>
    </ClInclude>
    <ClInclude Include="..\src\game\Admin.h">
      <Filter>src\game</Filter>
    </ClInclude>
    <ClInclude Include="..\src\game\entities\StaticMeshEntity.h">
      <Filter>src\game\entities\h</Filter>
    </ClInclude>
    <ClInclude Include="..\src\game\Event.h">
      <Filter>src\game</Filter>
    </ClInclude>
    <ClInclude Include="..\src\utils\tuple.h">
      <Filter>src\utils</Filter>
    </ClInclude>
    <ClInclude Include="..\src\game\Editor.h">
      <Filter>src\game</Filter>
    </ClInclude>
    <ClInclude Include="..\src\game\entities\Trigger.h">
      <Filter>src\game\entities\h</Filter>
    </ClInclude>
    <ClInclude Include="..\src\core\console2.h">
      <Filter>src\core</Filter>
    </ClInclude>
    <ClInclude Include="..\src\utils\RingArray.h">
      <Filter>src\utils</Filter>
    </ClInclude>
    <ClInclude Include="..\src\defines.h">
      <Filter>src</Filter>
    </ClInclude>
    <ClInclude Include="..\src\utils\utils.h">
      <Filter>src\utils</Filter>
    </ClInclude>
  </ItemGroup>
  <ItemGroup>
    <Filter Include="src">
      <UniqueIdentifier>{cc8f6775-fe7f-43e5-8e79-15ad05cbc389}</UniqueIdentifier>
    </Filter>
    <Filter Include="docs">
      <UniqueIdentifier>{7294ad63-2d80-4adb-82d6-ce0d6c5f36b7}</UniqueIdentifier>
    </Filter>
    <Filter Include="src\core">
      <UniqueIdentifier>{c133a438-0466-492f-87ea-1cab1a4ef583}</UniqueIdentifier>
    </Filter>
    <Filter Include="src\geometry">
      <UniqueIdentifier>{96911cd3-8a65-4c02-8ec5-80d1690702f6}</UniqueIdentifier>
    </Filter>
    <Filter Include="src\math">
      <UniqueIdentifier>{2dcddac2-9187-4501-b57b-697d65ec240a}</UniqueIdentifier>
    </Filter>
    <Filter Include="src\utils">
      <UniqueIdentifier>{e1e99ca3-af42-40d4-a70a-75797182ecc3}</UniqueIdentifier>
    </Filter>
    <Filter Include="src\external">
      <UniqueIdentifier>{29d3584e-d40d-49d7-b334-ee2e69ad1d81}</UniqueIdentifier>
    </Filter>
    <Filter Include="src\external\imgui">
      <UniqueIdentifier>{ed611ccd-1730-46c2-89ab-5aa1346d6b14}</UniqueIdentifier>
    </Filter>
    <Filter Include="src\external\draudio">
      <UniqueIdentifier>{8e998c9e-1401-4617-b5a6-d4536f3bf16e}</UniqueIdentifier>
    </Filter>
    <Filter Include="src\external\saschawillems">
      <UniqueIdentifier>{ea4ee929-ca9c-46ce-a1eb-8a11ba6ba0f0}</UniqueIdentifier>
    </Filter>
    <Filter Include="src\external\tinyobjloader">
      <UniqueIdentifier>{3e2eaec3-7113-42e7-8382-d0841d1e07e1}</UniqueIdentifier>
    </Filter>
    <Filter Include="shaders">
      <UniqueIdentifier>{97a16504-577a-4d29-b6c1-9d0f379e0ce6}</UniqueIdentifier>
    </Filter>
    <Filter Include="cfg">
      <UniqueIdentifier>{ce9f1535-2538-4fc7-b08d-1fcdcfad596c}</UniqueIdentifier>
    </Filter>
    <Filter Include="src\game">
      <UniqueIdentifier>{e64d365a-ac54-4505-80f2-d077244e3492}</UniqueIdentifier>
    </Filter>
    <Filter Include="src\game\components">
      <UniqueIdentifier>{d1eb4398-2a2f-4a7b-8332-24d8eb9b3094}</UniqueIdentifier>
    </Filter>
    <Filter Include="src\game\components\cpp">
      <UniqueIdentifier>{add1c6d0-87d3-494e-97c7-e9d536295f9d}</UniqueIdentifier>
    </Filter>
    <Filter Include="src\game\components\h">
      <UniqueIdentifier>{ac3d7024-7202-4557-8232-cff3b1b89072}</UniqueIdentifier>
    </Filter>
    <Filter Include="src\game\systems">
      <UniqueIdentifier>{58bd71eb-8818-46b4-b1cb-3de512bc6e40}</UniqueIdentifier>
    </Filter>
    <Filter Include="src\game\systems\cpp">
      <UniqueIdentifier>{d47db1ce-863f-45d8-b13b-62ccb7ff8bed}</UniqueIdentifier>
    </Filter>
    <Filter Include="src\game\systems\h">
      <UniqueIdentifier>{b0b97b0f-958f-4711-bbab-fe685af843a0}</UniqueIdentifier>
    </Filter>
    <Filter Include="src\scene">
      <UniqueIdentifier>{1a054cbd-376e-4ecb-9e7b-e166da4b4673}</UniqueIdentifier>
    </Filter>
    <Filter Include="entities">
      <UniqueIdentifier>{8c839c22-d0ce-4f08-b477-e8abd74d5fc2}</UniqueIdentifier>
    </Filter>
    <Filter Include="src\game\entities">
      <UniqueIdentifier>{9823d188-a342-4244-917d-ab38574c391b}</UniqueIdentifier>
    </Filter>
    <Filter Include="src\game\entities\h">
      <UniqueIdentifier>{f0316b0c-b7bb-43cd-8476-329d8527f029}</UniqueIdentifier>
    </Filter>
    <Filter Include="src\game\entities\cpp">
      <UniqueIdentifier>{9f7fae91-62b0-48b1-9257-3ae72ccd99a3}</UniqueIdentifier>
    </Filter>
  </ItemGroup>
  <ItemGroup>
    <None Include="..\.gitignore">
      <Filter>docs</Filter>
    </None>
    <None Include="..\README.md">
      <Filter>docs</Filter>
    </None>
    <None Include="build.bat">
      <Filter>docs</Filter>
    </None>
    <None Include="..\src\math\Vector2.inl">
      <Filter>src\math</Filter>
    </None>
    <None Include="..\src\math\Vector3.inl">
      <Filter>src\math</Filter>
    </None>
    <None Include="..\src\math\Vector4.inl">
      <Filter>src\math</Filter>
    </None>
    <None Include="..\src\math\Matrix3.inl">
      <Filter>src\math</Filter>
    </None>
    <None Include="..\src\math\Matrix4.inl">
      <Filter>src\math</Filter>
    </None>
    <None Include="..\cfg\render.cfg">
      <Filter>cfg</Filter>
    </None>
    <None Include="..\cfg\aliases.cfg">
      <Filter>cfg</Filter>
    </None>
    <None Include="..\cfg\binds.cfg">
      <Filter>cfg</Filter>
    </None>
    <None Include="..\data\shaders\base.vert">
      <Filter>shaders</Filter>
    </None>
    <None Include="..\data\shaders\fixedimguishader.vert">
      <Filter>shaders</Filter>
    </None>
    <None Include="..\data\shaders\flat.frag">
      <Filter>shaders</Filter>
    </None>
    <None Include="..\data\shaders\flat.vert">
      <Filter>shaders</Filter>
    </None>
    <None Include="..\data\shaders\lavalamp.frag">
      <Filter>shaders</Filter>
    </None>
    <None Include="..\data\shaders\lavalamp.vert">
      <Filter>shaders</Filter>
    </None>
    <None Include="..\data\shaders\pbr.frag">
      <Filter>shaders</Filter>
    </None>
    <None Include="..\data\shaders\pbr.vert">
      <Filter>shaders</Filter>
    </None>
    <None Include="..\data\shaders\phong.frag">
      <Filter>shaders</Filter>
    </None>
    <None Include="..\data\shaders\phong.vert">
      <Filter>shaders</Filter>
    </None>
    <None Include="..\data\shaders\testing0.frag">
      <Filter>shaders</Filter>
    </None>
    <None Include="..\data\shaders\testing0.vert">
      <Filter>shaders</Filter>
    </None>
    <None Include="..\data\shaders\testing1.frag">
      <Filter>shaders</Filter>
    </None>
    <None Include="..\data\shaders\testing1.vert">
      <Filter>shaders</Filter>
    </None>
    <None Include="..\data\shaders\twod.frag">
      <Filter>shaders</Filter>
    </None>
    <None Include="..\data\shaders\wireframe.frag">
      <Filter>shaders</Filter>
    </None>
    <None Include="..\data\shaders\wireframe.vert">
      <Filter>shaders</Filter>
    </None>
    <None Include="..\data\shaders\base.frag">
      <Filter>shaders</Filter>
    </None>
    <None Include="..\data\shaders\normaldebug.geom">
      <Filter>shaders</Filter>
    </None>
  </ItemGroup>
  <ItemGroup>
    <ClCompile Include="..\src\external\imgui\imgui_widgets.cpp">
      <Filter>src\external\imgui</Filter>
    </ClCompile>
    <ClCompile Include="..\src\external\imgui\imgui_tables.cpp">
      <Filter>src\external\imgui</Filter>
    </ClCompile>
    <ClCompile Include="..\src\external\imgui\imgui_impl_vulkan.cpp">
      <Filter>src\external\imgui</Filter>
    </ClCompile>
    <ClCompile Include="..\src\external\imgui\imgui_impl_glfw.cpp">
      <Filter>src\external\imgui</Filter>
    </ClCompile>
    <ClCompile Include="..\src\external\imgui\imgui_draw.cpp">
      <Filter>src\external\imgui</Filter>
    </ClCompile>
    <ClCompile Include="..\src\external\imgui\imgui_demo.cpp">
      <Filter>src\external\imgui</Filter>
    </ClCompile>
    <ClCompile Include="..\src\external\imgui\imgui.cpp">
      <Filter>src\external\imgui</Filter>
    </ClCompile>
    <ClCompile Include="..\src\core\renderer_vulkan.cpp">
      <Filter>src\core</Filter>
    </ClCompile>
    <ClCompile Include="..\src\core\window.cpp">
      <Filter>src\core</Filter>
    </ClCompile>
    <ClCompile Include="..\src\deshi.cpp">
      <Filter>src</Filter>
    </ClCompile>
    <ClCompile Include="..\src\core\console.cpp">
      <Filter>src\core</Filter>
    </ClCompile>
    <ClCompile Include="..\src\game\components\AudioListener.cpp">
      <Filter>src\game\components\cpp</Filter>
    </ClCompile>
    <ClCompile Include="..\src\game\components\AudioSource.cpp">
      <Filter>src\game\components\cpp</Filter>
    </ClCompile>
    <ClCompile Include="..\src\game\components\Camera.cpp">
      <Filter>src\game\components\cpp</Filter>
    </ClCompile>
    <ClCompile Include="..\src\game\components\Collider.cpp">
      <Filter>src\game\components\cpp</Filter>
    </ClCompile>
    <ClCompile Include="..\src\game\components\Light.cpp">
      <Filter>src\game\components\cpp</Filter>
    </ClCompile>
    <ClCompile Include="..\src\game\components\Physics.cpp">
      <Filter>src\game\components\cpp</Filter>
    </ClCompile>
    <ClCompile Include="..\src\game\systems\PhysicsSystem.cpp">
      <Filter>src\game\systems\cpp</Filter>
    </ClCompile>
    <ClCompile Include="..\src\game\systems\SoundSystem.cpp">
      <Filter>src\game\systems\cpp</Filter>
    </ClCompile>
    <ClCompile Include="..\src\scene\Model.cpp">
      <Filter>src\scene</Filter>
    </ClCompile>
    <ClCompile Include="..\src\game\components\MeshComp.cpp">
      <Filter>src\game\components\cpp</Filter>
    </ClCompile>
    <ClCompile Include="..\src\game\components\Orb.cpp">
      <Filter>src\game\components\cpp</Filter>
    </ClCompile>
    <ClCompile Include="..\src\core\assets.cpp">
      <Filter>src\core</Filter>
    </ClCompile>
    <ClCompile Include="..\src\game\UndoManager.cpp">
      <Filter>src\game</Filter>
    </ClCompile>
    <ClCompile Include="..\src\game\Controller.cpp">
      <Filter>src\game</Filter>
    </ClCompile>
    <ClCompile Include="..\src\game\systems\CanvasSystem.cpp">
      <Filter>src\game\systems\cpp</Filter>
    </ClCompile>
    <ClCompile Include="..\src\game\components\Movement.cpp">
      <Filter>src\game\components\cpp</Filter>
    </ClCompile>
    <ClCompile Include="..\src\game\components\Player.cpp">
      <Filter>src\game\components\cpp</Filter>
    </ClCompile>
    <ClCompile Include="..\src\game\components\door.cpp">
      <Filter>src\game\components\cpp</Filter>
    </ClCompile>
    <ClCompile Include="..\src\game\entities\Entity.cpp">
      <Filter>src\game\entities\cpp</Filter>
    </ClCompile>
    <ClCompile Include="..\src\game\entities\PlayerEntity.cpp">
      <Filter>src\game\entities\cpp</Filter>
    </ClCompile>
    <ClCompile Include="..\src\game\Admin.cpp">
      <Filter>src\game</Filter>
    </ClCompile>
    <ClCompile Include="..\src\game\entities\StaticMeshEntity.cpp">
      <Filter>src\game\entities\cpp</Filter>
    </ClCompile>
    <ClCompile Include="..\src\game\Event.cpp">
      <Filter>src\game</Filter>
    </ClCompile>
    <ClCompile Include="..\src\game\Editor.cpp">
      <Filter>src\game</Filter>
    </ClCompile>
    <ClCompile Include="..\src\game\entities\Trigger.cpp">
      <Filter>src\game\entities\cpp</Filter>
    </ClCompile>
    <ClCompile Include="..\src\core\console2.cpp">
      <Filter>src\core</Filter>
    </ClCompile>
  </ItemGroup>
  <ItemGroup>
    <Text Include="..\cfg\keybinds.txt">
      <Filter>cfg</Filter>
    </Text>
  </ItemGroup>
</Project>