
Microsoft Visual Studio Solution File, Format Version 12.00
# Visual Studio Version 16
VisualStudioVersion = 16.0.30621.155
MinimumVisualStudioVersion = 10.0.40219.1
Project("{8BC9CEB8-8B4A-11D0-8D11-00A0C91BC942}") = "deshi", "misc\deshi.vcxproj", "{30FDECFF-56EE-4073-B710-E3731893A00E}"
EndProject
Global
	GlobalSection(SolutionConfigurationPlatforms) = preSolution
		Debug|x64 = Debug|x64
		Release|x64 = Release|x64
	EndGlobalSection
	GlobalSection(ProjectConfigurationPlatforms) = postSolution
		{30FDECFF-56EE-4073-B710-E3731893A00E}.Debug|x64.ActiveCfg = Debug|x64
		{30FDECFF-56EE-4073-B710-E3731893A00E}.Debug|x64.Build.0 = Debug|x64
		{30FDECFF-56EE-4073-B710-E3731893A00E}.Release|x64.ActiveCfg = Release|x64
		{30FDECFF-56EE-4073-B710-E3731893A00E}.Release|x64.Build.0 = Release|x64
	EndGlobalSection
	GlobalSection(SolutionProperties) = preSolution
		HideSolutionNode = FALSE
	EndGlobalSection
	GlobalSection(ExtensibilityGlobals) = postSolution
		SolutionGuid = {12F78FF7-53D7-41EF-9168-8C816695AB47}
	EndGlobalSection
EndGlobal
